// !$*UTF8*$!
{
	archiveVersion = 1;
	classes = {
	};
	objectVersion = 60;
	objects = {

/* Begin PBXBuildFile section */
		678C5EE52C2142BA00E4513D /* AdAttributionKitDemoApp.swift in Sources */ = {isa = PBXBuildFile; fileRef = 678C5EE42C2142BA00E4513D /* AdAttributionKitDemoApp.swift */; };
		678C5EE72C2142BA00E4513D /* ContentView.swift in Sources */ = {isa = PBXBuildFile; fileRef = 678C5EE62C2142BA00E4513D /* ContentView.swift */; };
		678C5EE92C2142C200E4513D /* Assets.xcassets in Resources */ = {isa = PBXBuildFile; fileRef = 678C5EE82C2142C200E4513D /* Assets.xcassets */; };
		678C5EEC2C2142C200E4513D /* Preview Assets.xcassets in Resources */ = {isa = PBXBuildFile; fileRef = 678C5EEB2C2142C200E4513D /* Preview Assets.xcassets */; };
		678C5EF62C2142C200E4513D /* AdAttributionKitDemoTests.swift in Sources */ = {isa = PBXBuildFile; fileRef = 678C5EF52C2142C200E4513D /* AdAttributionKitDemoTests.swift */; };
		678C5F002C2142C200E4513D /* AdAttributionKitDemoUITests.swift in Sources */ = {isa = PBXBuildFile; fileRef = 678C5EFF2C2142C200E4513D /* AdAttributionKitDemoUITests.swift */; };
		678C5F022C2142C200E4513D /* AdAttributionKitDemoUITestsLaunchTests.swift in Sources */ = {isa = PBXBuildFile; fileRef = 678C5F012C2142C200E4513D /* AdAttributionKitDemoUITestsLaunchTests.swift */; };
/* End PBXBuildFile section */

/* Begin PBXContainerItemProxy section */
		678C5EF22C2142C200E4513D /* PBXContainerItemProxy */ = {
			isa = PBXContainerItemProxy;
			containerPortal = 678C5ED92C2142BA00E4513D /* Project object */;
			proxyType = 1;
			remoteGlobalIDString = 678C5EE02C2142BA00E4513D;
			remoteInfo = AdAttributionKitDemo;
		};
		678C5EFC2C2142C200E4513D /* PBXContainerItemProxy */ = {
			isa = PBXContainerItemProxy;
			containerPortal = 678C5ED92C2142BA00E4513D /* Project object */;
			proxyType = 1;
			remoteGlobalIDString = 678C5EE02C2142BA00E4513D;
			remoteInfo = AdAttributionKitDemo;
		};
/* End PBXContainerItemProxy section */

/* Begin PBXFileReference section */
		678C5EE12C2142BA00E4513D /* AdAttributionKitDemo.app */ = {isa = PBXFileReference; explicitFileType = wrapper.application; includeInIndex = 0; path = AdAttributionKitDemo.app; sourceTree = BUILT_PRODUCTS_DIR; };
		678C5EE42C2142BA00E4513D /* AdAttributionKitDemoApp.swift */ = {isa = PBXFileReference; lastKnownFileType = sourcecode.swift; path = AdAttributionKitDemoApp.swift; sourceTree = "<group>"; };
		678C5EE62C2142BA00E4513D /* ContentView.swift */ = {isa = PBXFileReference; lastKnownFileType = sourcecode.swift; path = ContentView.swift; sourceTree = "<group>"; };
		678C5EE82C2142C200E4513D /* Assets.xcassets */ = {isa = PBXFileReference; lastKnownFileType = folder.assetcatalog; path = Assets.xcassets; sourceTree = "<group>"; };
		678C5EEB2C2142C200E4513D /* Preview Assets.xcassets */ = {isa = PBXFileReference; lastKnownFileType = folder.assetcatalog; path = "Preview Assets.xcassets"; sourceTree = "<group>"; };
		678C5EF12C2142C200E4513D /* AdAttributionKitDemoTests.xctest */ = {isa = PBXFileReference; explicitFileType = wrapper.cfbundle; includeInIndex = 0; path = AdAttributionKitDemoTests.xctest; sourceTree = BUILT_PRODUCTS_DIR; };
		678C5EF52C2142C200E4513D /* AdAttributionKitDemoTests.swift */ = {isa = PBXFileReference; lastKnownFileType = sourcecode.swift; path = AdAttributionKitDemoTests.swift; sourceTree = "<group>"; };
		678C5EFB2C2142C200E4513D /* AdAttributionKitDemoUITests.xctest */ = {isa = PBXFileReference; explicitFileType = wrapper.cfbundle; includeInIndex = 0; path = AdAttributionKitDemoUITests.xctest; sourceTree = BUILT_PRODUCTS_DIR; };
		678C5EFF2C2142C200E4513D /* AdAttributionKitDemoUITests.swift */ = {isa = PBXFileReference; lastKnownFileType = sourcecode.swift; path = AdAttributionKitDemoUITests.swift; sourceTree = "<group>"; };
		678C5F012C2142C200E4513D /* AdAttributionKitDemoUITestsLaunchTests.swift */ = {isa = PBXFileReference; lastKnownFileType = sourcecode.swift; path = AdAttributionKitDemoUITestsLaunchTests.swift; sourceTree = "<group>"; };
/* End PBXFileReference section */

/* Begin PBXFrameworksBuildPhase section */
		678C5EDE2C2142BA00E4513D /* Frameworks */ = {
			isa = PBXFrameworksBuildPhase;
			buildActionMask = 2147483647;
			files = (
			);
			runOnlyForDeploymentPostprocessing = 0;
		};
		678C5EEE2C2142C200E4513D /* Frameworks */ = {
			isa = PBXFrameworksBuildPhase;
			buildActionMask = 2147483647;
			files = (
			);
			runOnlyForDeploymentPostprocessing = 0;
		};
		678C5EF82C2142C200E4513D /* Frameworks */ = {
			isa = PBXFrameworksBuildPhase;
			buildActionMask = 2147483647;
			files = (
			);
			runOnlyForDeploymentPostprocessing = 0;
		};
/* End PBXFrameworksBuildPhase section */

/* Begin PBXGroup section */
		678C5ED82C2142BA00E4513D = {
			isa = PBXGroup;
			children = (
				678C5EE32C2142BA00E4513D /* AdAttributionKitDemo */,
				678C5EF42C2142C200E4513D /* AdAttributionKitDemoTests */,
				678C5EFE2C2142C200E4513D /* AdAttributionKitDemoUITests */,
				678C5EE22C2142BA00E4513D /* Products */,
			);
			sourceTree = "<group>";
		};
		678C5EE22C2142BA00E4513D /* Products */ = {
			isa = PBXGroup;
			children = (
				678C5EE12C2142BA00E4513D /* AdAttributionKitDemo.app */,
				678C5EF12C2142C200E4513D /* AdAttributionKitDemoTests.xctest */,
				678C5EFB2C2142C200E4513D /* AdAttributionKitDemoUITests.xctest */,
			);
			name = Products;
			sourceTree = "<group>";
		};
		678C5EE32C2142BA00E4513D /* AdAttributionKitDemo */ = {
			isa = PBXGroup;
			children = (
				678C5EE42C2142BA00E4513D /* AdAttributionKitDemoApp.swift */,
				678C5EE62C2142BA00E4513D /* ContentView.swift */,
				678C5EE82C2142C200E4513D /* Assets.xcassets */,
				678C5EEA2C2142C200E4513D /* Preview Content */,
			);
			path = AdAttributionKitDemo;
			sourceTree = "<group>";
		};
		678C5EEA2C2142C200E4513D /* Preview Content */ = {
			isa = PBXGroup;
			children = (
				678C5EEB2C2142C200E4513D /* Preview Assets.xcassets */,
			);
			path = "Preview Content";
			sourceTree = "<group>";
		};
		678C5EF42C2142C200E4513D /* AdAttributionKitDemoTests */ = {
			isa = PBXGroup;
			children = (
				678C5EF52C2142C200E4513D /* AdAttributionKitDemoTests.swift */,
			);
			path = AdAttributionKitDemoTests;
			sourceTree = "<group>";
		};
		678C5EFE2C2142C200E4513D /* AdAttributionKitDemoUITests */ = {
			isa = PBXGroup;
			children = (
				678C5EFF2C2142C200E4513D /* AdAttributionKitDemoUITests.swift */,
				678C5F012C2142C200E4513D /* AdAttributionKitDemoUITestsLaunchTests.swift */,
			);
			path = AdAttributionKitDemoUITests;
			sourceTree = "<group>";
		};
/* End PBXGroup section */

/* Begin PBXNativeTarget section */
		678C5EE02C2142BA00E4513D /* AdAttributionKitDemo */ = {
			isa = PBXNativeTarget;
			buildConfigurationList = 678C5F052C2142C200E4513D /* Build configuration list for PBXNativeTarget "AdAttributionKitDemo" */;
			buildPhases = (
				678C5EDD2C2142BA00E4513D /* Sources */,
				678C5EDE2C2142BA00E4513D /* Frameworks */,
				678C5EDF2C2142BA00E4513D /* Resources */,
			);
			buildRules = (
			);
			dependencies = (
			);
			name = AdAttributionKitDemo;
			productName = AdAttributionKitDemo;
			productReference = 678C5EE12C2142BA00E4513D /* AdAttributionKitDemo.app */;
			productType = "com.apple.product-type.application";
		};
		678C5EF02C2142C200E4513D /* AdAttributionKitDemoTests */ = {
			isa = PBXNativeTarget;
			buildConfigurationList = 678C5F082C2142C200E4513D /* Build configuration list for PBXNativeTarget "AdAttributionKitDemoTests" */;
			buildPhases = (
				678C5EED2C2142C200E4513D /* Sources */,
				678C5EEE2C2142C200E4513D /* Frameworks */,
				678C5EEF2C2142C200E4513D /* Resources */,
			);
			buildRules = (
			);
			dependencies = (
				678C5EF32C2142C200E4513D /* PBXTargetDependency */,
			);
			name = AdAttributionKitDemoTests;
			productName = AdAttributionKitDemoTests;
			productReference = 678C5EF12C2142C200E4513D /* AdAttributionKitDemoTests.xctest */;
			productType = "com.apple.product-type.bundle.unit-test";
		};
		678C5EFA2C2142C200E4513D /* AdAttributionKitDemoUITests */ = {
			isa = PBXNativeTarget;
			buildConfigurationList = 678C5F0B2C2142C200E4513D /* Build configuration list for PBXNativeTarget "AdAttributionKitDemoUITests" */;
			buildPhases = (
				678C5EF72C2142C200E4513D /* Sources */,
				678C5EF82C2142C200E4513D /* Frameworks */,
				678C5EF92C2142C200E4513D /* Resources */,
			);
			buildRules = (
			);
			dependencies = (
				678C5EFD2C2142C200E4513D /* PBXTargetDependency */,
			);
			name = AdAttributionKitDemoUITests;
			productName = AdAttributionKitDemoUITests;
			productReference = 678C5EFB2C2142C200E4513D /* AdAttributionKitDemoUITests.xctest */;
			productType = "com.apple.product-type.bundle.ui-testing";
		};
/* End PBXNativeTarget section */

/* Begin PBXProject section */
		678C5ED92C2142BA00E4513D /* Project object */ = {
			isa = PBXProject;
			attributes = {
				BuildIndependentTargetsInParallel = 1;
				LastSwiftUpdateCheck = 1600;
				LastUpgradeCheck = 1600;
				TargetAttributes = {
					678C5EE02C2142BA00E4513D = {
						CreatedOnToolsVersion = 16.0;
					};
					678C5EF02C2142C200E4513D = {
						CreatedOnToolsVersion = 16.0;
						TestTargetID = 678C5EE02C2142BA00E4513D;
					};
					678C5EFA2C2142C200E4513D = {
						CreatedOnToolsVersion = 16.0;
						TestTargetID = 678C5EE02C2142BA00E4513D;
					};
				};
			};
			buildConfigurationList = 678C5EDC2C2142BA00E4513D /* Build configuration list for PBXProject "AdAttributionKitDemo" */;
			compatibilityVersion = "Xcode 15.0";
			developmentRegion = en;
			hasScannedForEncodings = 0;
			knownRegions = (
				en,
				Base,
			);
			mainGroup = 678C5ED82C2142BA00E4513D;
			productRefGroup = 678C5EE22C2142BA00E4513D /* Products */;
			projectDirPath = "";
			projectRoot = "";
			targets = (
				678C5EE02C2142BA00E4513D /* AdAttributionKitDemo */,
				678C5EF02C2142C200E4513D /* AdAttributionKitDemoTests */,
				678C5EFA2C2142C200E4513D /* AdAttributionKitDemoUITests */,
			);
		};
/* End PBXProject section */

/* Begin PBXResourcesBuildPhase section */
		678C5EDF2C2142BA00E4513D /* Resources */ = {
			isa = PBXResourcesBuildPhase;
			buildActionMask = 2147483647;
			files = (
				678C5EEC2C2142C200E4513D /* Preview Assets.xcassets in Resources */,
				678C5EE92C2142C200E4513D /* Assets.xcassets in Resources */,
			);
			runOnlyForDeploymentPostprocessing = 0;
		};
		678C5EEF2C2142C200E4513D /* Resources */ = {
			isa = PBXResourcesBuildPhase;
			buildActionMask = 2147483647;
			files = (
			);
			runOnlyForDeploymentPostprocessing = 0;
		};
		678C5EF92C2142C200E4513D /* Resources */ = {
			isa = PBXResourcesBuildPhase;
			buildActionMask = 2147483647;
			files = (
			);
			runOnlyForDeploymentPostprocessing = 0;
		};
/* End PBXResourcesBuildPhase section */

/* Begin PBXSourcesBuildPhase section */
		678C5EDD2C2142BA00E4513D /* Sources */ = {
			isa = PBXSourcesBuildPhase;
			buildActionMask = 2147483647;
			files = (
				678C5EE72C2142BA00E4513D /* ContentView.swift in Sources */,
				678C5EE52C2142BA00E4513D /* AdAttributionKitDemoApp.swift in Sources */,
			);
			runOnlyForDeploymentPostprocessing = 0;
		};
		678C5EED2C2142C200E4513D /* Sources */ = {
			isa = PBXSourcesBuildPhase;
			buildActionMask = 2147483647;
			files = (
				678C5EF62C2142C200E4513D /* AdAttributionKitDemoTests.swift in Sources */,
			);
			runOnlyForDeploymentPostprocessing = 0;
		};
		678C5EF72C2142C200E4513D /* Sources */ = {
			isa = PBXSourcesBuildPhase;
			buildActionMask = 2147483647;
			files = (
				678C5F002C2142C200E4513D /* AdAttributionKitDemoUITests.swift in Sources */,
				678C5F022C2142C200E4513D /* AdAttributionKitDemoUITestsLaunchTests.swift in Sources */,
			);
			runOnlyForDeploymentPostprocessing = 0;
		};
/* End PBXSourcesBuildPhase section */

/* Begin PBXTargetDependency section */
		678C5EF32C2142C200E4513D /* PBXTargetDependency */ = {
			isa = PBXTargetDependency;
			target = 678C5EE02C2142BA00E4513D /* AdAttributionKitDemo */;
			targetProxy = 678C5EF22C2142C200E4513D /* PBXContainerItemProxy */;
		};
		678C5EFD2C2142C200E4513D /* PBXTargetDependency */ = {
			isa = PBXTargetDependency;
			target = 678C5EE02C2142BA00E4513D /* AdAttributionKitDemo */;
			targetProxy = 678C5EFC2C2142C200E4513D /* PBXContainerItemProxy */;
		};
/* End PBXTargetDependency section */

/* Begin XCBuildConfiguration section */
		678C5F032C2142C200E4513D /* Debug */ = {
			isa = XCBuildConfiguration;
			buildSettings = {
				ALWAYS_SEARCH_USER_PATHS = NO;
				ASSETCATALOG_COMPILER_GENERATE_SWIFT_ASSET_SYMBOL_EXTENSIONS = YES;
				CLANG_ANALYZER_NONNULL = YES;
				CLANG_ANALYZER_NUMBER_OBJECT_CONVERSION = YES_AGGRESSIVE;
				CLANG_CXX_LANGUAGE_STANDARD = "gnu++20";
				CLANG_ENABLE_MODULES = YES;
				CLANG_ENABLE_OBJC_ARC = YES;
				CLANG_ENABLE_OBJC_WEAK = YES;
				CLANG_WARN_BLOCK_CAPTURE_AUTORELEASING = YES;
				CLANG_WARN_BOOL_CONVERSION = YES;
				CLANG_WARN_COMMA = YES;
				CLANG_WARN_CONSTANT_CONVERSION = YES;
				CLANG_WARN_DEPRECATED_OBJC_IMPLEMENTATIONS = YES;
				CLANG_WARN_DIRECT_OBJC_ISA_USAGE = YES_ERROR;
				CLANG_WARN_DOCUMENTATION_COMMENTS = YES;
				CLANG_WARN_EMPTY_BODY = YES;
				CLANG_WARN_ENUM_CONVERSION = YES;
				CLANG_WARN_INFINITE_RECURSION = YES;
				CLANG_WARN_INT_CONVERSION = YES;
				CLANG_WARN_NON_LITERAL_NULL_CONVERSION = YES;
				CLANG_WARN_OBJC_IMPLICIT_RETAIN_SELF = YES;
				CLANG_WARN_OBJC_LITERAL_CONVERSION = YES;
				CLANG_WARN_OBJC_ROOT_CLASS = YES_ERROR;
				CLANG_WARN_QUOTED_INCLUDE_IN_FRAMEWORK_HEADER = YES;
				CLANG_WARN_RANGE_LOOP_ANALYSIS = YES;
				CLANG_WARN_STRICT_PROTOTYPES = YES;
				CLANG_WARN_SUSPICIOUS_MOVE = YES;
				CLANG_WARN_UNGUARDED_AVAILABILITY = YES_AGGRESSIVE;
				CLANG_WARN_UNREACHABLE_CODE = YES;
				CLANG_WARN__DUPLICATE_METHOD_MATCH = YES;
				COPY_PHASE_STRIP = NO;
				DEBUG_INFORMATION_FORMAT = dwarf;
				ENABLE_STRICT_OBJC_MSGSEND = YES;
				ENABLE_TESTABILITY = YES;
				ENABLE_USER_SCRIPT_SANDBOXING = YES;
				GCC_C_LANGUAGE_STANDARD = gnu17;
				GCC_DYNAMIC_NO_PIC = NO;
				GCC_NO_COMMON_BLOCKS = YES;
				GCC_OPTIMIZATION_LEVEL = 0;
				GCC_PREPROCESSOR_DEFINITIONS = (
					"DEBUG=1",
					"$(inherited)",
				);
				GCC_WARN_64_TO_32_BIT_CONVERSION = YES;
				GCC_WARN_ABOUT_RETURN_TYPE = YES_ERROR;
				GCC_WARN_UNDECLARED_SELECTOR = YES;
				GCC_WARN_UNINITIALIZED_AUTOS = YES_AGGRESSIVE;
				GCC_WARN_UNUSED_FUNCTION = YES;
				GCC_WARN_UNUSED_VARIABLE = YES;
				IPHONEOS_DEPLOYMENT_TARGET = 18.0;
				LOCALIZATION_PREFERS_STRING_CATALOGS = YES;
				MTL_ENABLE_DEBUG_INFO = INCLUDE_SOURCE;
				MTL_FAST_MATH = YES;
				ONLY_ACTIVE_ARCH = YES;
				SDKROOT = iphoneos;
				SWIFT_ACTIVE_COMPILATION_CONDITIONS = "DEBUG $(inherited)";
				SWIFT_OPTIMIZATION_LEVEL = "-Onone";
			};
			name = Debug;
		};
		678C5F042C2142C200E4513D /* Release */ = {
			isa = XCBuildConfiguration;
			buildSettings = {
				ALWAYS_SEARCH_USER_PATHS = NO;
				ASSETCATALOG_COMPILER_GENERATE_SWIFT_ASSET_SYMBOL_EXTENSIONS = YES;
				CLANG_ANALYZER_NONNULL = YES;
				CLANG_ANALYZER_NUMBER_OBJECT_CONVERSION = YES_AGGRESSIVE;
				CLANG_CXX_LANGUAGE_STANDARD = "gnu++20";
				CLANG_ENABLE_MODULES = YES;
				CLANG_ENABLE_OBJC_ARC = YES;
				CLANG_ENABLE_OBJC_WEAK = YES;
				CLANG_WARN_BLOCK_CAPTURE_AUTORELEASING = YES;
				CLANG_WARN_BOOL_CONVERSION = YES;
				CLANG_WARN_COMMA = YES;
				CLANG_WARN_CONSTANT_CONVERSION = YES;
				CLANG_WARN_DEPRECATED_OBJC_IMPLEMENTATIONS = YES;
				CLANG_WARN_DIRECT_OBJC_ISA_USAGE = YES_ERROR;
				CLANG_WARN_DOCUMENTATION_COMMENTS = YES;
				CLANG_WARN_EMPTY_BODY = YES;
				CLANG_WARN_ENUM_CONVERSION = YES;
				CLANG_WARN_INFINITE_RECURSION = YES;
				CLANG_WARN_INT_CONVERSION = YES;
				CLANG_WARN_NON_LITERAL_NULL_CONVERSION = YES;
				CLANG_WARN_OBJC_IMPLICIT_RETAIN_SELF = YES;
				CLANG_WARN_OBJC_LITERAL_CONVERSION = YES;
				CLANG_WARN_OBJC_ROOT_CLASS = YES_ERROR;
				CLANG_WARN_QUOTED_INCLUDE_IN_FRAMEWORK_HEADER = YES;
				CLANG_WARN_RANGE_LOOP_ANALYSIS = YES;
				CLANG_WARN_STRICT_PROTOTYPES = YES;
				CLANG_WARN_SUSPICIOUS_MOVE = YES;
				CLANG_WARN_UNGUARDED_AVAILABILITY = YES_AGGRESSIVE;
				CLANG_WARN_UNREACHABLE_CODE = YES;
				CLANG_WARN__DUPLICATE_METHOD_MATCH = YES;
				COPY_PHASE_STRIP = NO;
				DEBUG_INFORMATION_FORMAT = "dwarf-with-dsym";
				ENABLE_NS_ASSERTIONS = NO;
				ENABLE_STRICT_OBJC_MSGSEND = YES;
				ENABLE_USER_SCRIPT_SANDBOXING = YES;
				GCC_C_LANGUAGE_STANDARD = gnu17;
				GCC_NO_COMMON_BLOCKS = YES;
				GCC_WARN_64_TO_32_BIT_CONVERSION = YES;
				GCC_WARN_ABOUT_RETURN_TYPE = YES_ERROR;
				GCC_WARN_UNDECLARED_SELECTOR = YES;
				GCC_WARN_UNINITIALIZED_AUTOS = YES_AGGRESSIVE;
				GCC_WARN_UNUSED_FUNCTION = YES;
				GCC_WARN_UNUSED_VARIABLE = YES;
				IPHONEOS_DEPLOYMENT_TARGET = 18.0;
				LOCALIZATION_PREFERS_STRING_CATALOGS = YES;
				MTL_ENABLE_DEBUG_INFO = NO;
				MTL_FAST_MATH = YES;
				SDKROOT = iphoneos;
				SWIFT_COMPILATION_MODE = wholemodule;
				VALIDATE_PRODUCT = YES;
			};
			name = Release;
		};
		678C5F062C2142C200E4513D /* Debug */ = {
			isa = XCBuildConfiguration;
			buildSettings = {
				ASSETCATALOG_COMPILER_APPICON_NAME = AppIcon;
				ASSETCATALOG_COMPILER_GLOBAL_ACCENT_COLOR_NAME = AccentColor;
				CODE_SIGN_STYLE = Automatic;
				CURRENT_PROJECT_VERSION = 1;
				DEVELOPMENT_ASSET_PATHS = "\"AdAttributionKitDemo/Preview Content\"";
				DEVELOPMENT_TEAM = 5957UHEQ5V;
				ENABLE_PREVIEWS = YES;
				GENERATE_INFOPLIST_FILE = YES;
				INFOPLIST_KEY_UIApplicationSceneManifest_Generation = YES;
				INFOPLIST_KEY_UIApplicationSupportsIndirectInputEvents = YES;
				INFOPLIST_KEY_UILaunchScreen_Generation = YES;
				INFOPLIST_KEY_UISupportedInterfaceOrientations_iPad = "UIInterfaceOrientationPortrait UIInterfaceOrientationPortraitUpsideDown UIInterfaceOrientationLandscapeLeft UIInterfaceOrientationLandscapeRight";
				INFOPLIST_KEY_UISupportedInterfaceOrientations_iPhone = "UIInterfaceOrientationPortrait UIInterfaceOrientationLandscapeLeft UIInterfaceOrientationLandscapeRight";
				LD_RUNPATH_SEARCH_PATHS = (
					"$(inherited)",
					"@executable_path/Frameworks",
				);
				MARKETING_VERSION = 1.0;
				PRODUCT_BUNDLE_IDENTIFIER = jp.arimura.AdAttributionKitDemo;
				PRODUCT_NAME = "$(TARGET_NAME)";
				SWIFT_EMIT_LOC_STRINGS = YES;
				SWIFT_VERSION = 5.0;
				TARGETED_DEVICE_FAMILY = "1,2";
			};
			name = Debug;
		};
		678C5F072C2142C200E4513D /* Release */ = {
			isa = XCBuildConfiguration;
			buildSettings = {
				ASSETCATALOG_COMPILER_APPICON_NAME = AppIcon;
				ASSETCATALOG_COMPILER_GLOBAL_ACCENT_COLOR_NAME = AccentColor;
				CODE_SIGN_STYLE = Automatic;
				CURRENT_PROJECT_VERSION = 1;
				DEVELOPMENT_ASSET_PATHS = "\"AdAttributionKitDemo/Preview Content\"";
				DEVELOPMENT_TEAM = 5957UHEQ5V;
				ENABLE_PREVIEWS = YES;
				GENERATE_INFOPLIST_FILE = YES;
				INFOPLIST_KEY_UIApplicationSceneManifest_Generation = YES;
				INFOPLIST_KEY_UIApplicationSupportsIndirectInputEvents = YES;
				INFOPLIST_KEY_UILaunchScreen_Generation = YES;
				INFOPLIST_KEY_UISupportedInterfaceOrientations_iPad = "UIInterfaceOrientationPortrait UIInterfaceOrientationPortraitUpsideDown UIInterfaceOrientationLandscapeLeft UIInterfaceOrientationLandscapeRight";
				INFOPLIST_KEY_UISupportedInterfaceOrientations_iPhone = "UIInterfaceOrientationPortrait UIInterfaceOrientationLandscapeLeft UIInterfaceOrientationLandscapeRight";
				LD_RUNPATH_SEARCH_PATHS = (
					"$(inherited)",
					"@executable_path/Frameworks",
				);
				MARKETING_VERSION = 1.0;
				PRODUCT_BUNDLE_IDENTIFIER = jp.arimura.AdAttributionKitDemo;
				PRODUCT_NAME = "$(TARGET_NAME)";
				SWIFT_EMIT_LOC_STRINGS = YES;
				SWIFT_VERSION = 5.0;
				TARGETED_DEVICE_FAMILY = "1,2";
			};
			name = Release;
		};
		678C5F092C2142C200E4513D /* Debug */ = {
			isa = XCBuildConfiguration;
			buildSettings = {
				BUNDLE_LOADER = "$(TEST_HOST)";
				CODE_SIGN_STYLE = Automatic;
				CURRENT_PROJECT_VERSION = 1;
				DEVELOPMENT_TEAM = 5957UHEQ5V;
				GENERATE_INFOPLIST_FILE = YES;
				IPHONEOS_DEPLOYMENT_TARGET = 18.0;
				MARKETING_VERSION = 1.0;
				PRODUCT_BUNDLE_IDENTIFIER = jp.arimura.AdAttributionKitDemoTests;
				PRODUCT_NAME = "$(TARGET_NAME)";
				SWIFT_EMIT_LOC_STRINGS = NO;
				SWIFT_VERSION = 5.0;
				TARGETED_DEVICE_FAMILY = "1,2";
				TEST_HOST = "$(BUILT_PRODUCTS_DIR)/AdAttributionKitDemo.app/$(BUNDLE_EXECUTABLE_FOLDER_PATH)/AdAttributionKitDemo";
			};
			name = Debug;
		};
		678C5F0A2C2142C200E4513D /* Release */ = {
			isa = XCBuildConfiguration;
			buildSettings = {
				BUNDLE_LOADER = "$(TEST_HOST)";
				CODE_SIGN_STYLE = Automatic;
				CURRENT_PROJECT_VERSION = 1;
				DEVELOPMENT_TEAM = 5957UHEQ5V;
				GENERATE_INFOPLIST_FILE = YES;
				IPHONEOS_DEPLOYMENT_TARGET = 18.0;
				MARKETING_VERSION = 1.0;
				PRODUCT_BUNDLE_IDENTIFIER = jp.arimura.AdAttributionKitDemoTests;
				PRODUCT_NAME = "$(TARGET_NAME)";
				SWIFT_EMIT_LOC_STRINGS = NO;
				SWIFT_VERSION = 5.0;
				TARGETED_DEVICE_FAMILY = "1,2";
				TEST_HOST = "$(BUILT_PRODUCTS_DIR)/AdAttributionKitDemo.app/$(BUNDLE_EXECUTABLE_FOLDER_PATH)/AdAttributionKitDemo";
			};
			name = Release;
		};
		678C5F0C2C2142C200E4513D /* Debug */ = {
			isa = XCBuildConfiguration;
			buildSettings = {
				CODE_SIGN_STYLE = Automatic;
				CURRENT_PROJECT_VERSION = 1;
				DEVELOPMENT_TEAM = 5957UHEQ5V;
				GENERATE_INFOPLIST_FILE = YES;
				MARKETING_VERSION = 1.0;
				PRODUCT_BUNDLE_IDENTIFIER = jp.arimura.AdAttributionKitDemoUITests;
				PRODUCT_NAME = "$(TARGET_NAME)";
				SWIFT_EMIT_LOC_STRINGS = NO;
				SWIFT_VERSION = 5.0;
				TARGETED_DEVICE_FAMILY = "1,2";
				TEST_TARGET_NAME = AdAttributionKitDemo;
			};
			name = Debug;
		};
		678C5F0D2C2142C200E4513D /* Release */ = {
			isa = XCBuildConfiguration;
			buildSettings = {
				CODE_SIGN_STYLE = Automatic;
				CURRENT_PROJECT_VERSION = 1;
				DEVELOPMENT_TEAM = 5957UHEQ5V;
				GENERATE_INFOPLIST_FILE = YES;
				MARKETING_VERSION = 1.0;
				PRODUCT_BUNDLE_IDENTIFIER = jp.arimura.AdAttributionKitDemoUITests;
				PRODUCT_NAME = "$(TARGET_NAME)";
				SWIFT_EMIT_LOC_STRINGS = NO;
				SWIFT_VERSION = 5.0;
				TARGETED_DEVICE_FAMILY = "1,2";
				TEST_TARGET_NAME = AdAttributionKitDemo;
			};
			name = Release;
		};
/* End XCBuildConfiguration section */

/* Begin XCConfigurationList section */
		678C5EDC2C2142BA00E4513D /* Build configuration list for PBXProject "AdAttributionKitDemo" */ = {
			isa = XCConfigurationList;
			buildConfigurations = (
				678C5F032C2142C200E4513D /* Debug */,
				678C5F042C2142C200E4513D /* Release */,
			);
			defaultConfigurationIsVisible = 0;
			defaultConfigurationName = Release;
		};
		678C5F052C2142C200E4513D /* Build configuration list for PBXNativeTarget "AdAttributionKitDemo" */ = {
			isa = XCConfigurationList;
			buildConfigurations = (
				678C5F062C2142C200E4513D /* Debug */,
				678C5F072C2142C200E4513D /* Release */,
			);
			defaultConfigurationIsVisible = 0;
			defaultConfigurationName = Release;
		};
		678C5F082C2142C200E4513D /* Build configuration list for PBXNativeTarget "AdAttributionKitDemoTests" */ = {
			isa = XCConfigurationList;
			buildConfigurations = (
				678C5F092C2142C200E4513D /* Debug */,
				678C5F0A2C2142C200E4513D /* Release */,
			);
			defaultConfigurationIsVisible = 0;
			defaultConfigurationName = Release;
		};
		678C5F0B2C2142C200E4513D /* Build configuration list for PBXNativeTarget "AdAttributionKitDemoUITests" */ = {
			isa = XCConfigurationList;
			buildConfigurations = (
				678C5F0C2C2142C200E4513D /* Debug */,
				678C5F0D2C2142C200E4513D /* Release */,
			);
			defaultConfigurationIsVisible = 0;
			defaultConfigurationName = Release;
		};
/* End XCConfigurationList section */
	};
	rootObject = 678C5ED92C2142BA00E4513D /* Project object */;
}
